
Microsoft Visual Studio Solution File, Format Version 12.00
# Visual Studio Version 16
VisualStudioVersion = 16.0.29920.165
MinimumVisualStudioVersion = 10.0.40219.1
Project("{FAE04EC0-301F-11D3-BF4B-00C04F79EFBC}") = "Z7_WF", "Z7_WF\Z7_WF.csproj", "{55439E38-5B2F-4742-8D7F-635E4A9E37EF}"
EndProject
Global
	GlobalSection(SolutionConfigurationPlatforms) = preSolution
		Debug|Any CPU = Debug|Any CPU
		Release|Any CPU = Release|Any CPU
	EndGlobalSection
	GlobalSection(ProjectConfigurationPlatforms) = postSolution
		{55439E38-5B2F-4742-8D7F-635E4A9E37EF}.Debug|Any CPU.ActiveCfg = Debug|Any CPU
		{55439E38-5B2F-4742-8D7F-635E4A9E37EF}.Debug|Any CPU.Build.0 = Debug|Any CPU
		{55439E38-5B2F-4742-8D7F-635E4A9E37EF}.Release|Any CPU.ActiveCfg = Release|Any CPU
		{55439E38-5B2F-4742-8D7F-635E4A9E37EF}.Release|Any CPU.Build.0 = Release|Any CPU
	EndGlobalSection
	GlobalSection(SolutionProperties) = preSolution
		HideSolutionNode = FALSE
	EndGlobalSection
	GlobalSection(ExtensibilityGlobals) = postSolution
		SolutionGuid = {9ABFB8EB-BAEF-4716-9209-02E0F004BCB2}
	EndGlobalSection
EndGlobal
